{
  "name": "project",
  "lockfileVersion": 3,
  "requires": true,
  "packages": {
    "": {
      "dependencies": {
        "@fontsource/karla": "^5.2.6"
      }
    },
    "node_modules/@fontsource/karla": {
      "version": "5.2.6",
      "resolved": "https://registry.npmjs.org/@fontsource/karla/-/karla-5.2.6.tgz",
      "integrity": "sha512-7/rHgmOKB/BaAKFYSyB2n6TldG6mwLVQ49bWGV/5zKg96pPw7fW4pV81oavKTUhHbEUqkkvms6k4lYOYzOHTqg==",
      "license": "OFL-1.1",
      "funding": {
        "url": "https://github.com/sponsors/ayuhito"
      }
    }
  }
}
